
Microsoft Visual Studio Solution File, Format Version 11.00
# Visual Studio 2010
Project("{FAE04EC0-301F-11D3-BF4B-00C04F79EFBC}") = "Assembly-CSharp", "Assembly-CSharp.csproj", "{6867482a-5948-163a-c126-bbb8560e91a7}"
EndProject
Project("{FAE04EC0-301F-11D3-BF4B-00C04F79EFBC}") = "GoogleMobileAds.Editor", "GoogleMobileAds.Editor.csproj", "{2a8fbee4-838f-09c8-a965-09153f542a0e}"
EndProject
Global
	GlobalSection(SolutionConfigurationPlatforms) = preSolution
		Debug|Any CPU = Debug|Any CPU
	EndGlobalSection
	GlobalSection(ProjectConfigurationPlatforms) = postSolution
		{6867482a-5948-163a-c126-bbb8560e91a7}.Debug|Any CPU.ActiveCfg = Debug|Any CPU
		{6867482a-5948-163a-c126-bbb8560e91a7}.Debug|Any CPU.Build.0 = Debug|Any CPU
		{2a8fbee4-838f-09c8-a965-09153f542a0e}.Debug|Any CPU.ActiveCfg = Debug|Any CPU
		{2a8fbee4-838f-09c8-a965-09153f542a0e}.Debug|Any CPU.Build.0 = Debug|Any CPU
	EndGlobalSection
	GlobalSection(SolutionProperties) = preSolution
		HideSolutionNode = FALSE
	EndGlobalSection
EndGlobal
